<?xml version="1.0" encoding="utf-8"?>
<Project ToolsVersion="4.0" xmlns="http://schemas.microsoft.com/developer/msbuild/2003">
  <ItemGroup>
    <Filter Include="Source Files">
      <UniqueIdentifier>{4FC737F1-C7A5-4376-A066-2A32D752A2FF}</UniqueIdentifier>
      <Extensions>cpp;c;cc;cxx;def;odl;idl;hpj;bat;asm;asmx</Extensions>
    </Filter>
    <Filter Include="Header Files">
      <UniqueIdentifier>{93995380-89BD-4b04-88EB-625FBE52EBFB}</UniqueIdentifier>
      <Extensions>h;hh;hpp;hxx;hm;inl;inc;ipp;xsd</Extensions>
    </Filter>
    <Filter Include="Resource Files">
      <UniqueIdentifier>{67DA6AB6-F800-4c08-8B7A-83BB121AAD01}</UniqueIdentifier>
      <Extensions>rc;ico;cur;bmp;dlg;rc2;rct;bin;rgs;gif;jpg;jpeg;jpe;resx;tiff;tif;png;wav;mfcribbon-ms</Extensions>
    </Filter>
    <Filter Include="Source Files\Game">
      <UniqueIdentifier>{abd86bca-1b52-4db4-bf47-36774c741b84}</UniqueIdentifier>
    </Filter>
    <Filter Include="Header Files\Game">
      <UniqueIdentifier>{ef5b891d-598d-4a53-97a0-8e91fca8e03a}</UniqueIdentifier>
    </Filter>
    <Filter Include="Source Files\MemoryTests">
      <UniqueIdentifier>{da833bbf-b205-4919-9032-96d1932da17a}</UniqueIdentifier>
    </Filter>
    <Filter Include="Header Files\MemoryTests">
      <UniqueIdentifier>{29ae89cc-987c-4421-a331-a44f2068163b}</UniqueIdentifier>
    </Filter>
    <Filter Include="Header Files\Tests">
      <UniqueIdentifier>{f60b6476-e628-4ff2-bfce-890df006970a}</UniqueIdentifier>
    </Filter>
    <Filter Include="Source Files\Tests">
      <UniqueIdentifier>{1b1d0aa4-50c2-4c64-b7b7-543c719c7a28}</UniqueIdentifier>
    </Filter>
    <Filter Include="Header Files\Game\Scenes">
      <UniqueIdentifier>{8feae11b-956a-40c3-b113-b7363b22ea83}</UniqueIdentifier>
    </Filter>
    <Filter Include="Source Files\Game\Scenes">
      <UniqueIdentifier>{de2f2cd8-9501-49e2-a54d-a8cef923c8cb}</UniqueIdentifier>
    </Filter>
    <Filter Include="Source Files\Game\GameObjects">
      <UniqueIdentifier>{45ab1535-fbbd-4e50-b787-d9550afa9aef}</UniqueIdentifier>
    </Filter>
    <Filter Include="Source Files\Game\GameObjects\Player">
      <UniqueIdentifier>{6a8e5659-3075-4612-9b7c-6b228e88a563}</UniqueIdentifier>
    </Filter>
    <Filter Include="Header Files\Game\GameObjects">
      <UniqueIdentifier>{383ddd7a-aa39-42ac-9962-4854b01fa080}</UniqueIdentifier>
    </Filter>
    <Filter Include="Header Files\Game\GameObjects\Player">
      <UniqueIdentifier>{3a86ed1b-068c-471f-ba2f-8d3e52d3d083}</UniqueIdentifier>
    </Filter>
    <Filter Include="Header Files\Game\Commands">
      <UniqueIdentifier>{1a50881f-c8f3-402a-8fd6-3649b62deca2}</UniqueIdentifier>
    </Filter>
    <Filter Include="Source Files\Game\Commands">
      <UniqueIdentifier>{b5f00240-d90e-49cf-8f8f-f9368f58f42c}</UniqueIdentifier>
    </Filter>
    <Filter Include="Source Files\Game\Utils">
      <UniqueIdentifier>{cf522a6d-6fde-42fc-8a2f-88b954f7a3ec}</UniqueIdentifier>
    </Filter>
    <Filter Include="Header Files\Game\Utils">
      <UniqueIdentifier>{94eeaa96-880e-4385-ab62-c7a32f6b3178}</UniqueIdentifier>
    </Filter>
    <Filter Include="Header Files\Game\GameObjects\Common">
      <UniqueIdentifier>{50cfc895-ed60-4a1a-8ee8-943b885c3990}</UniqueIdentifier>
    </Filter>
    <Filter Include="Source Files\Game\GameObjects\Common">
      <UniqueIdentifier>{53fca70f-14c9-4899-9aed-c1a4633954fd}</UniqueIdentifier>
    </Filter>
    <Filter Include="Header Files\Game\GameObjects\Enemy">
      <UniqueIdentifier>{f0c41ffc-c1cb-4a42-be6b-2a44d17857a9}</UniqueIdentifier>
    </Filter>
    <Filter Include="Source Files\Game\GameObjects\Enemy">
      <UniqueIdentifier>{4ce4a1c2-90dd-4a9b-b51a-04c2ed9a19a5}</UniqueIdentifier>
    </Filter>
  </ItemGroup>
  <ItemGroup>
    <ClInclude Include="pch.h">
      <Filter>Header Files</Filter>
    </ClInclude>
    <ClInclude Include="Src\MemoryTests\HeapManagerProxy.h">
      <Filter>Header Files\MemoryTests</Filter>
    </ClInclude>
    <ClInclude Include="Src\MemoryTests\HeapManager-Sample.h">
      <Filter>Header Files\MemoryTests</Filter>
    </ClInclude>
    <ClInclude Include="Src\MemoryTests\HeapManagerUnitTest.h">
      <Filter>Header Files\MemoryTests</Filter>
    </ClInclude>
    <ClInclude Include="Src\MemoryTests\MemorySystemTest.h">
      <Filter>Header Files\MemoryTests</Filter>
    </ClInclude>
    <ClInclude Include="Src\Game\GameMain.h">
      <Filter>Header Files\Game</Filter>
    </ClInclude>
    <ClInclude Include="Src\Game\Scenes\BaseScene.h">
      <Filter>Header Files\Game\Scenes</Filter>
    </ClInclude>
    <ClInclude Include="Src\Game\Scenes\MainScene.h">
      <Filter>Header Files\Game\Scenes</Filter>
    </ClInclude>
    <ClInclude Include="Src\Game\GameObjects\Player\Player.h">
      <Filter>Header Files\Game\GameObjects\Player</Filter>
    </ClInclude>
    <ClInclude Include="Src\Game\Commands\Command.h">
      <Filter>Header Files\Game\Commands</Filter>
    </ClInclude>
    <ClInclude Include="Src\Game\Commands\LeftCommand.h">
      <Filter>Header Files\Game\Commands</Filter>
    </ClInclude>
    <ClInclude Include="Src\Game\Commands\BackwardCommand.h">
      <Filter>Header Files\Game\Commands</Filter>
    </ClInclude>
    <ClInclude Include="Src\Game\Commands\ForwardCommand.h">
      <Filter>Header Files\Game\Commands</Filter>
    </ClInclude>
    <ClInclude Include="Src\Game\Commands\RightCommand.h">
      <Filter>Header Files\Game\Commands</Filter>
    </ClInclude>
    <ClInclude Include="Src\Game\Commands\ShootCommand.h">
      <Filter>Header Files\Game\Commands</Filter>
    </ClInclude>
    <ClInclude Include="Src\Game\GameObjects\Player\PlayerMovement.h">
      <Filter>Header Files\Game\GameObjects\Player</Filter>
    </ClInclude>
    <ClInclude Include="Src\Game\Commands\InputHandler.h">
      <Filter>Header Files\Game\Commands</Filter>
    </ClInclude>
    <ClInclude Include="Src\Game\GameObjects\Player\PlayerShooting.h">
      <Filter>Header Files\Game\GameObjects\Player</Filter>
    </ClInclude>
    <ClInclude Include="Src\Game\Utils\GameConfig.h">
      <Filter>Header Files\Game\Utils</Filter>
    </ClInclude>
    <ClInclude Include="Src\Game\GameObjects\Common\Projectile.h">
      <Filter>Header Files\Game\GameObjects\Common</Filter>
    </ClInclude>
    <ClInclude Include="Src\Game\GameObjects\Enemy\Enemy.h">
      <Filter>Header Files\Game\GameObjects\Enemy</Filter>
    </ClInclude>
    <ClInclude Include="Src\Game\GameObjects\Enemy\EnemyMovement.h">
      <Filter>Header Files\Game\GameObjects\Enemy</Filter>
    </ClInclude>
    <ClInclude Include="Src\Game\GameObjects\Enemy\DualShotAttack.h">
      <Filter>Header Files\Game\GameObjects\Enemy</Filter>
    </ClInclude>
    <ClInclude Include="Src\Game\GameObjects\Enemy\SingleShotAttack.h">
      <Filter>Header Files\Game\GameObjects\Enemy</Filter>
    </ClInclude>
    <ClInclude Include="Src\Game\GameObjects\Enemy\SprayShotAttack.h">
      <Filter>Header Files\Game\GameObjects\Enemy</Filter>
    </ClInclude>
    <ClInclude Include="Src\Game\GameObjects\Enemy\EnemyAttackController.h">
      <Filter>Header Files\Game\GameObjects\Enemy</Filter>
    </ClInclude>
    <ClInclude Include="Src\Game\GameObjects\Common\HealthDisplay.h">
      <Filter>Header Files\Game\GameObjects\Common</Filter>
    </ClInclude>
    <ClInclude Include="Src\Game\Scenes\GameOverScene.h">
      <Filter>Header Files\Game\Scenes</Filter>
    </ClInclude>
    <ClInclude Include="Src\Game\Scenes\HomeScene.h">
      <Filter>Header Files\Game\Scenes</Filter>
    </ClInclude>
    <ClInclude Include="Src\Game\Scenes\SceneData.h">
      <Filter>Header Files\Game\Scenes</Filter>
    </ClInclude>
  </ItemGroup>
  <ItemGroup>
    <ClCompile Include="pch.cpp">
      <Filter>Source Files</Filter>
    </ClCompile>
    <ClCompile Include="Src\MemoryTests\HeapManagerProxy.cpp">
      <Filter>Source Files\MemoryTests</Filter>
    </ClCompile>
    <ClCompile Include="Src\MemoryTests\HeapManagerUnitTest.cpp">
      <Filter>Source Files\MemoryTests</Filter>
    </ClCompile>
    <ClCompile Include="Src\MemoryTests\MemorySystemTest.cpp">
      <Filter>Source Files\MemoryTests</Filter>
    </ClCompile>
    <ClCompile Include="Src\Game\GameMain.cpp">
      <Filter>Source Files\Game</Filter>
    </ClCompile>
    <ClCompile Include="Src\Game\Scenes\BaseScene.cpp">
      <Filter>Source Files\Game\Scenes</Filter>
    </ClCompile>
    <ClCompile Include="Src\Game\Scenes\MainScene.cpp">
      <Filter>Source Files\Game\Scenes</Filter>
    </ClCompile>
    <ClCompile Include="Src\Game\GameObjects\Player\Player.cpp">
      <Filter>Source Files\Game\GameObjects\Player</Filter>
    </ClCompile>
    <ClCompile Include="Src\Game\Commands\LeftCommand.cpp">
      <Filter>Source Files\Game\Commands</Filter>
    </ClCompile>
    <ClCompile Include="Src\Game\Commands\Command.cpp">
      <Filter>Source Files\Game\Commands</Filter>
    </ClCompile>
    <ClCompile Include="Src\Game\Commands\BackwardCommand.cpp">
      <Filter>Source Files\Game\Commands</Filter>
    </ClCompile>
    <ClCompile Include="Src\Game\Commands\ForwardCommand.cpp">
      <Filter>Source Files\Game\Commands</Filter>
    </ClCompile>
    <ClCompile Include="Src\Game\Commands\RightCommand.cpp">
      <Filter>Source Files\Game\Commands</Filter>
    </ClCompile>
    <ClCompile Include="Src\Game\Commands\ShootCommand.cpp">
      <Filter>Source Files\Game\Commands</Filter>
    </ClCompile>
    <ClCompile Include="Src\Game\GameObjects\Player\PlayerMovement.cpp">
      <Filter>Source Files\Game\GameObjects\Player</Filter>
    </ClCompile>
    <ClCompile Include="Src\Game\Commands\InputHandler.cpp">
      <Filter>Source Files\Game\Commands</Filter>
    </ClCompile>
    <ClCompile Include="Src\Game\GameObjects\Player\PlayerShooting.cpp">
      <Filter>Source Files\Game\GameObjects\Player</Filter>
    </ClCompile>
    <ClCompile Include="Src\Game\Utils\GameConfig.cpp">
      <Filter>Source Files\Game\Utils</Filter>
    </ClCompile>
    <ClCompile Include="Src\Game\GameObjects\Common\Projectile.cpp">
      <Filter>Source Files\Game\GameObjects\Common</Filter>
    </ClCompile>
    <ClCompile Include="Src\Game\GameObjects\Enemy\Enemy.cpp">
      <Filter>Source Files\Game\GameObjects\Enemy</Filter>
    </ClCompile>
    <ClCompile Include="Src\Game\GameObjects\Enemy\EnemyMovement.cpp">
      <Filter>Source Files\Game\GameObjects\Enemy</Filter>
    </ClCompile>
    <ClCompile Include="Src\Game\GameObjects\Enemy\DualShotAttack.cpp">
      <Filter>Source Files\Game\GameObjects\Enemy</Filter>
    </ClCompile>
    <ClCompile Include="Src\Game\GameObjects\Enemy\SingleShotAttack.cpp">
      <Filter>Source Files\Game\GameObjects\Enemy</Filter>
    </ClCompile>
    <ClCompile Include="Src\Game\GameObjects\Enemy\SprayShotAttack.cpp">
      <Filter>Source Files\Game\GameObjects\Enemy</Filter>
    </ClCompile>
    <ClCompile Include="Src\Game\GameObjects\Enemy\EnemyAttackController.cpp">
      <Filter>Source Files\Game\GameObjects\Enemy</Filter>
    </ClCompile>
    <ClCompile Include="Src\Game\GameObjects\Common\HealthDisplay.cpp">
      <Filter>Source Files\Game\GameObjects\Common</Filter>
    </ClCompile>
    <ClCompile Include="Src\Game\Scenes\SceneData.cpp">
      <Filter>Source Files</Filter>
    </ClCompile>
    <ClCompile Include="Src\MonsterChase.cpp">
      <Filter>Source Files\Game\Scenes</Filter>
    </ClCompile>
    <ClCompile Include="Src\Game\Scenes\GameOverScene.cpp">
      <Filter>Source Files\Game\Scenes</Filter>
    </ClCompile>
    <ClCompile Include="Src\Game\Scenes\HomeScene.cpp">
      <Filter>Source Files\Game\Scenes</Filter>
    </ClCompile>
  </ItemGroup>
</Project>