<?xml version="1.0" encoding="utf-8"?>
<Project ToolsVersion="4.0" xmlns="http://schemas.microsoft.com/developer/msbuild/2003">
  <ItemGroup>
    <Filter Include="Source Files">
      <UniqueIdentifier>{4FC737F1-C7A5-4376-A066-2A32D752A2FF}</UniqueIdentifier>
      <Extensions>cpp;c;cc;cxx;def;odl;idl;hpj;bat;asm;asmx</Extensions>
    </Filter>
    <Filter Include="Header Files">
      <UniqueIdentifier>{93995380-89BD-4b04-88EB-625FBE52EBFB}</UniqueIdentifier>
      <Extensions>h;hh;hpp;hxx;hm;inl;inc;ipp;xsd</Extensions>
    </Filter>
    <Filter Include="Resource Files">
      <UniqueIdentifier>{67DA6AB6-F800-4c08-8B7A-83BB121AAD01}</UniqueIdentifier>
      <Extensions>rc;ico;cur;bmp;dlg;rc2;rct;bin;rgs;gif;jpg;jpeg;jpe;resx;tiff;tif;png;wav;mfcribbon-ms</Extensions>
    </Filter>
    <Filter Include="Header Files\Memory">
      <UniqueIdentifier>{a5785815-5d88-486b-bf48-9522bf90d109}</UniqueIdentifier>
    </Filter>
    <Filter Include="Source Files\Memory">
      <UniqueIdentifier>{9fda6aac-1269-4cd1-a8c8-9ce8c5bc543c}</UniqueIdentifier>
    </Filter>
    <Filter Include="Header Files\Utils">
      <UniqueIdentifier>{79d07ba2-c7e7-45b9-9f7c-db0a4afd30a9}</UniqueIdentifier>
    </Filter>
    <Filter Include="Source Files\Utils">
      <UniqueIdentifier>{81b4a913-4eee-41ce-8240-aa0abe0db9d3}</UniqueIdentifier>
    </Filter>
    <Filter Include="Header Files\Math">
      <UniqueIdentifier>{0b8f6465-4ed8-421b-9718-7061fb0274de}</UniqueIdentifier>
    </Filter>
    <Filter Include="Source Files\Math">
      <UniqueIdentifier>{5b8b7954-5c4a-43eb-bb4f-673c3de2c761}</UniqueIdentifier>
    </Filter>
    <Filter Include="Header Files\Core">
      <UniqueIdentifier>{1305fef3-6f83-41e1-9d46-f3ee7358f047}</UniqueIdentifier>
    </Filter>
    <Filter Include="Source Files\Core">
      <UniqueIdentifier>{6f7e65fe-b14a-4ec1-8bec-3284de0adbcd}</UniqueIdentifier>
    </Filter>
    <Filter Include="Header Files\Core\Components">
      <UniqueIdentifier>{259f2f3b-a24a-4f99-bd14-0b70ebd1115c}</UniqueIdentifier>
    </Filter>
    <Filter Include="Header Files\Core\Components\Transform">
      <UniqueIdentifier>{c6e9b223-34ee-4ef4-b41c-a88209a21003}</UniqueIdentifier>
    </Filter>
    <Filter Include="Source Files\Core\Components">
      <UniqueIdentifier>{6df48916-74c1-4951-8e62-4ae6ea635141}</UniqueIdentifier>
    </Filter>
    <Filter Include="Source Files\Core\Components\Transform">
      <UniqueIdentifier>{2204fe2a-141e-4f7e-97b8-4a7fdcc9606e}</UniqueIdentifier>
    </Filter>
    <Filter Include="Header Files\Containers">
      <UniqueIdentifier>{d66667fa-2239-4edf-ab3f-4cd262c5b84e}</UniqueIdentifier>
    </Filter>
    <Filter Include="Source Files\Containers">
      <UniqueIdentifier>{e3b53854-5917-4d9e-834a-92b0e49fee47}</UniqueIdentifier>
    </Filter>
    <Filter Include="Header Files\Containers\Tests">
      <UniqueIdentifier>{343fcf73-e69f-4f66-b0f2-0b27b01ed3a3}</UniqueIdentifier>
    </Filter>
    <Filter Include="Source Files\Containers\Tests">
      <UniqueIdentifier>{0b7bb3b2-05cf-4b8c-986c-52ae90a9b626}</UniqueIdentifier>
    </Filter>
    <Filter Include="Header Files\Core\BaseComponents">
      <UniqueIdentifier>{573509a0-810c-4633-b0cd-f9246bd0db14}</UniqueIdentifier>
    </Filter>
    <Filter Include="Header Files\Core\Controllers">
      <UniqueIdentifier>{39938eb5-127c-48a9-a7dd-46c6f41ce433}</UniqueIdentifier>
    </Filter>
    <Filter Include="Source Files\Core\BaseComponents">
      <UniqueIdentifier>{0d8b592f-eec2-4823-8e3c-ca76bf5d6844}</UniqueIdentifier>
    </Filter>
    <Filter Include="Source Files\Core\Controllers">
      <UniqueIdentifier>{9b8451e5-45d4-47cf-ab12-ab93939dc829}</UniqueIdentifier>
    </Filter>
    <Filter Include="Header Files\Core\Components\Rendering">
      <UniqueIdentifier>{595281db-1ee6-473f-a789-76aa6968a579}</UniqueIdentifier>
    </Filter>
    <Filter Include="Source Files\Core\Components\Rendering">
      <UniqueIdentifier>{c5752157-b182-4719-bc98-b33603e227a8}</UniqueIdentifier>
    </Filter>
    <Filter Include="Header Files\Core\Components\Physics">
      <UniqueIdentifier>{3ecd3698-72a9-4e63-8a58-cd7a647b44eb}</UniqueIdentifier>
    </Filter>
    <Filter Include="Source Files\Core\Components\Physics">
      <UniqueIdentifier>{d0b11fd5-62ca-438e-a5ed-e97c6bd6cc36}</UniqueIdentifier>
    </Filter>
    <Filter Include="Header Files\Core\Components\Physics\Colliders">
      <UniqueIdentifier>{38465bb4-8e04-47ab-ad73-4c9b76db7e59}</UniqueIdentifier>
    </Filter>
    <Filter Include="Source Files\Core\Components\Physics\Colliders">
      <UniqueIdentifier>{99e1bb4f-8d4f-4ba5-86ee-83abf1aa5f53}</UniqueIdentifier>
    </Filter>
    <Filter Include="Header Files\Core\Controllers\Rendering">
      <UniqueIdentifier>{cd7a3bce-f710-4e89-b032-9bc5f3b127be}</UniqueIdentifier>
    </Filter>
    <Filter Include="Source Files\Core\Controllers\Rendering">
      <UniqueIdentifier>{e59d97e9-c0f1-4fda-9ce0-c3f63e933386}</UniqueIdentifier>
    </Filter>
    <Filter Include="Source Files\Core\Controllers\Physics">
      <UniqueIdentifier>{ed221154-d7ce-43d6-b176-55d41afb3aad}</UniqueIdentifier>
    </Filter>
    <Filter Include="Header Files\Core\Controllers\Physics">
      <UniqueIdentifier>{e595178a-c67a-43a0-a5cf-77282dc55e96}</UniqueIdentifier>
    </Filter>
    <Filter Include="Header Files\Utils\Tests">
      <UniqueIdentifier>{b078af25-b765-4882-a5c2-51f9be95e586}</UniqueIdentifier>
    </Filter>
    <Filter Include="Source Files\Utils\Tests">
      <UniqueIdentifier>{c815a9d1-7604-43f6-8048-761a0b8b6c00}</UniqueIdentifier>
    </Filter>
    <Filter Include="Source Files\Core\Loaders">
      <UniqueIdentifier>{b0463eb6-e0b5-4ece-a97e-61c2a43759bd}</UniqueIdentifier>
    </Filter>
    <Filter Include="Header Files\Core\Loaders">
      <UniqueIdentifier>{bcd48a69-5802-41f8-8605-34f7fd942d01}</UniqueIdentifier>
    </Filter>
    <Filter Include="Header Files\Externals">
      <UniqueIdentifier>{4fbe0697-8f79-4f9e-8e1c-126f23f68b24}</UniqueIdentifier>
    </Filter>
    <Filter Include="Source Files\Externals">
      <UniqueIdentifier>{19dc6dd3-1f08-4858-9802-17906eb71831}</UniqueIdentifier>
    </Filter>
    <Filter Include="Header Files\Externals\StackTrace">
      <UniqueIdentifier>{3e42b60a-9487-445c-8ca5-1a4c0a355288}</UniqueIdentifier>
    </Filter>
    <Filter Include="Source Files\Externals\StackTrace">
      <UniqueIdentifier>{cb25eb19-0316-4b24-a175-94f6f8007c31}</UniqueIdentifier>
    </Filter>
  </ItemGroup>
  <ItemGroup>
    <ClInclude Include="stdafx.h">
      <Filter>Header Files</Filter>
    </ClInclude>
    <ClInclude Include="targetver.h">
      <Filter>Header Files</Filter>
    </ClInclude>
    <ClInclude Include="Src\Containers\Tests\PointerTest.h">
      <Filter>Header Files\Containers\Tests</Filter>
    </ClInclude>
    <ClInclude Include="Src\Containers\Tests\BitArrayTest.h">
      <Filter>Header Files\Containers\Tests</Filter>
    </ClInclude>
    <ClInclude Include="Src\Containers\BitArray.h">
      <Filter>Header Files\Containers</Filter>
    </ClInclude>
    <ClInclude Include="Src\Containers\WeakPtr.h">
      <Filter>Header Files\Containers</Filter>
    </ClInclude>
    <ClInclude Include="Src\Containers\SmartPtr.h">
      <Filter>Header Files\Containers</Filter>
    </ClInclude>
    <ClInclude Include="Src\Containers\PtrData.h">
      <Filter>Header Files\Containers</Filter>
    </ClInclude>
    <ClInclude Include="Src\Core\Loaders\JsonGOLoader.h">
      <Filter>Header Files\Core\Loaders</Filter>
    </ClInclude>
    <ClInclude Include="Src\Core\Loaders\FileLoader.h">
      <Filter>Header Files\Core\Loaders</Filter>
    </ClInclude>
    <ClInclude Include="Src\Core\Controllers\CoreLoop.h">
      <Filter>Header Files\Core\Controllers</Filter>
    </ClInclude>
    <ClInclude Include="Src\Core\Controllers\LoopTimer.h">
      <Filter>Header Files\Core\Controllers</Filter>
    </ClInclude>
    <ClInclude Include="Src\Core\Controllers\GameObjectUpdater.h">
      <Filter>Header Files\Core\Controllers</Filter>
    </ClInclude>
    <ClInclude Include="Src\Core\Controllers\GameObjectUpdater_Extern.h">
      <Filter>Header Files\Core\Controllers</Filter>
    </ClInclude>
    <ClInclude Include="Src\Core\Components\Physics\Colliders\CircleCollider.h">
      <Filter>Header Files\Core\Components\Physics\Colliders</Filter>
    </ClInclude>
    <ClInclude Include="Src\Core\Components\Physics\Colliders\BaseCollider.h">
      <Filter>Header Files\Core\Components\Physics\Colliders</Filter>
    </ClInclude>
    <ClInclude Include="Src\Core\Components\Physics\Colliders\RectangleCollider.h">
      <Filter>Header Files\Core\Components\Physics\Colliders</Filter>
    </ClInclude>
    <ClInclude Include="Src\Memory\Allocators.h">
      <Filter>Header Files\Memory</Filter>
    </ClInclude>
    <ClInclude Include="Src\Memory\FixedMemoryManager.h">
      <Filter>Header Files\Memory</Filter>
    </ClInclude>
    <ClInclude Include="Src\Memory\FixedMemoryManager_Inl.h">
      <Filter>Header Files\Memory</Filter>
    </ClInclude>
    <ClInclude Include="Src\Memory\MemoryManager.h">
      <Filter>Header Files\Memory</Filter>
    </ClInclude>
    <ClInclude Include="Src\Memory\MemoryManager_Extern.h">
      <Filter>Header Files\Memory</Filter>
    </ClInclude>
    <ClInclude Include="Src\Memory\MemoryManager_Inl.h">
      <Filter>Header Files\Memory</Filter>
    </ClInclude>
    <ClInclude Include="Src\Memory\MemorySystem.h">
      <Filter>Header Files\Memory</Filter>
    </ClInclude>
    <ClInclude Include="Src\Memory\MemorySystem_Extern.h">
      <Filter>Header Files\Memory</Filter>
    </ClInclude>
    <ClInclude Include="Src\Memory\MemorySystem_Inl.h">
      <Filter>Header Files\Memory</Filter>
    </ClInclude>
    <ClInclude Include="Src\Utils\Tests\MathUtilsUnitTest.h">
      <Filter>Header Files\Utils\Tests</Filter>
    </ClInclude>
    <ClInclude Include="Src\Utils\Debug.h">
      <Filter>Header Files\Utils</Filter>
    </ClInclude>
    <ClInclude Include="Src\Utils\MathUtils.h">
      <Filter>Header Files\Utils</Filter>
    </ClInclude>
    <ClInclude Include="Src\Utils\MathUtils_Inl.h">
      <Filter>Header Files\Utils</Filter>
    </ClInclude>
    <ClInclude Include="Src\Utils\Random.h">
      <Filter>Header Files\Utils</Filter>
    </ClInclude>
    <ClInclude Include="Src\Maths\Point2D.h">
      <Filter>Header Files\Math</Filter>
    </ClInclude>
    <ClInclude Include="Src\Maths\Point2D_Inl.h">
      <Filter>Header Files\Math</Filter>
    </ClInclude>
    <ClInclude Include="Src\Maths\Point3D.h">
      <Filter>Header Files\Math</Filter>
    </ClInclude>
    <ClInclude Include="Src\Maths\Point3D_Inl.h">
      <Filter>Header Files\Math</Filter>
    </ClInclude>
    <ClInclude Include="Src\Core\BaseComponents\Node.h">
      <Filter>Header Files\Core\BaseComponents</Filter>
    </ClInclude>
    <ClInclude Include="Src\Core\BaseComponents\Component.h">
      <Filter>Header Files\Core\BaseComponents</Filter>
    </ClInclude>
    <ClInclude Include="Src\Core\Components\Physics\Rigidbody2D.h">
      <Filter>Header Files\Core\Components\Physics</Filter>
    </ClInclude>
    <ClInclude Include="Src\Core\Components\Rendering\SpriteAnimationSI.h">
      <Filter>Header Files\Core\Components\Rendering</Filter>
    </ClInclude>
    <ClInclude Include="Src\Core\Components\Rendering\SpriteAnimationSS.h">
      <Filter>Header Files\Core\Components\Rendering</Filter>
    </ClInclude>
    <ClInclude Include="Src\Core\Components\Rendering\SpriteRenderer.h">
      <Filter>Header Files\Core\Components\Rendering</Filter>
    </ClInclude>
    <ClInclude Include="Src\Core\Components\Transform\Rotate2D.h">
      <Filter>Header Files\Core\Components\Transform</Filter>
    </ClInclude>
    <ClInclude Include="Src\Core\Components\Transform\Scale2D.h">
      <Filter>Header Files\Core\Components\Transform</Filter>
    </ClInclude>
    <ClInclude Include="Src\Core\Components\Transform\Node2D.h">
      <Filter>Header Files\Core\Components\Transform</Filter>
    </ClInclude>
    <ClInclude Include="Src\Core\Components\Transform\Node3D.h">
      <Filter>Header Files\Core\Components\Transform</Filter>
    </ClInclude>
    <ClInclude Include="Src\Engine.h">
      <Filter>Header Files</Filter>
    </ClInclude>
    <ClInclude Include="Src\Core\Controllers\Rendering\SpriteRenderController.h">
      <Filter>Header Files\Core\Controllers\Rendering</Filter>
    </ClInclude>
    <ClInclude Include="Src\Core\Controllers\Rendering\SpriteRenderController_Extern.h">
      <Filter>Header Files\Core\Controllers\Rendering</Filter>
    </ClInclude>
    <ClInclude Include="Src\Core\Controllers\Physics\WorldPhysicsController.h">
      <Filter>Header Files\Core\Controllers\Physics</Filter>
    </ClInclude>
    <ClInclude Include="Src\Core\Controllers\Physics\WorldPhysicsController_Extern.h">
      <Filter>Header Files\Core\Controllers\Physics</Filter>
    </ClInclude>
    <ClInclude Include="Src\Utils\Instrumentor.h">
      <Filter>Header Files\Utils</Filter>
    </ClInclude>
    <ClInclude Include="Src\Externals\StackTrace\call_stack.hpp">
      <Filter>Header Files\Externals\StackTrace</Filter>
    </ClInclude>
    <ClInclude Include="Src\Externals\StackTrace\stack_exception.hpp">
      <Filter>Header Files\Externals\StackTrace</Filter>
    </ClInclude>
    <ClInclude Include="Src\Externals\StackTrace\StackWalker.h">
      <Filter>Header Files\Externals\StackTrace</Filter>
    </ClInclude>
    <ClInclude Include="Src\Externals\json.hpp">
      <Filter>Source Files\Externals</Filter>
    </ClInclude>
    <ClInclude Include="Src\Core\Controllers\Rendering\TextureDataCache.h">
      <Filter>Header Files\Core\Controllers\Rendering</Filter>
    </ClInclude>
    <ClInclude Include="Src\Core\Controllers\Rendering\TextureDataCache_Extern.h">
      <Filter>Header Files\Core\Controllers\Rendering</Filter>
    </ClInclude>
    <ClInclude Include="Src\Utils\Uuid.h">
      <Filter>Header Files\Utils</Filter>
    </ClInclude>
    <ClInclude Include="Src\Maths\Point4D.h">
      <Filter>Header Files\Math</Filter>
    </ClInclude>
    <ClInclude Include="Src\Maths\Point4D_Inl.h">
      <Filter>Header Files\Math</Filter>
    </ClInclude>
    <ClInclude Include="Src\Maths\Matrix4.h">
      <Filter>Header Files\Math</Filter>
    </ClInclude>
    <ClInclude Include="Src\Maths\Matrix4_Inl.h">
      <Filter>Header Files\Math</Filter>
    </ClInclude>
    <ClInclude Include="Src\Core\Controllers\Physics\WorldCollisionController.h">
      <Filter>Header Files\Core\Controllers\Physics</Filter>
    </ClInclude>
    <ClInclude Include="Src\Core\Controllers\Physics\WorldCollisionController_Extern.h">
      <Filter>Header Files\Core\Controllers\Physics</Filter>
    </ClInclude>
    <ClInclude Include="Src\Utils\CollisionUtils.h">
      <Filter>Header Files\Utils</Filter>
    </ClInclude>
  </ItemGroup>
  <ItemGroup>
    <ClCompile Include="stdafx.cpp">
      <Filter>Source Files</Filter>
    </ClCompile>
    <ClCompile Include="Src\Containers\Tests\BitArrayTest.cpp">
      <Filter>Source Files\Containers\Tests</Filter>
    </ClCompile>
    <ClCompile Include="Src\Containers\Tests\PointerTest.cpp">
      <Filter>Source Files\Containers\Tests</Filter>
    </ClCompile>
    <ClCompile Include="Src\Containers\BitArray.cpp">
      <Filter>Source Files\Containers</Filter>
    </ClCompile>
    <ClCompile Include="Src\Containers\WeakPtr.cpp">
      <Filter>Source Files\Containers</Filter>
    </ClCompile>
    <ClCompile Include="Src\Containers\SmartPtr.cpp">
      <Filter>Source Files\Containers</Filter>
    </ClCompile>
    <ClCompile Include="Src\Containers\PtrData.cpp">
      <Filter>Source Files\Containers</Filter>
    </ClCompile>
    <ClCompile Include="Src\Core\Loaders\JsonGOLoader.cpp">
      <Filter>Source Files\Core\Loaders</Filter>
    </ClCompile>
    <ClCompile Include="Src\Core\Loaders\FileLoader.cpp">
      <Filter>Source Files\Core\Loaders</Filter>
    </ClCompile>
    <ClCompile Include="Src\Core\Controllers\CoreLoop.cpp">
      <Filter>Source Files\Core\Controllers</Filter>
    </ClCompile>
    <ClCompile Include="Src\Core\Controllers\LoopTimer.cpp">
      <Filter>Source Files\Core\Controllers</Filter>
    </ClCompile>
    <ClCompile Include="Src\Core\Controllers\GameObjectUpdater.cpp">
      <Filter>Source Files\Core\Controllers</Filter>
    </ClCompile>
    <ClCompile Include="Src\Core\Components\Physics\Colliders\CircleCollider.cpp">
      <Filter>Source Files\Core\Components\Physics\Colliders</Filter>
    </ClCompile>
    <ClCompile Include="Src\Core\Components\Physics\Colliders\BaseCollider.cpp">
      <Filter>Source Files\Core\Components\Physics\Colliders</Filter>
    </ClCompile>
    <ClCompile Include="Src\Core\Components\Physics\Colliders\RectangleCollider.cpp">
      <Filter>Source Files\Core\Components\Physics\Colliders</Filter>
    </ClCompile>
    <ClCompile Include="Src\Memory\Allocators.cpp">
      <Filter>Source Files\Memory</Filter>
    </ClCompile>
    <ClCompile Include="Src\Memory\FixedMemoryManager.cpp">
      <Filter>Source Files\Memory</Filter>
    </ClCompile>
    <ClCompile Include="Src\Memory\MemoryManager.cpp">
      <Filter>Source Files\Memory</Filter>
    </ClCompile>
    <ClCompile Include="Src\Memory\MemorySystem.cpp">
      <Filter>Source Files\Memory</Filter>
    </ClCompile>
    <ClCompile Include="Src\Utils\Tests\MathUtilsUnitTest.cpp">
      <Filter>Source Files\Utils\Tests</Filter>
    </ClCompile>
    <ClCompile Include="Src\Utils\Debug.cpp">
      <Filter>Source Files\Utils</Filter>
    </ClCompile>
    <ClCompile Include="Src\Utils\MathUtils.cpp">
      <Filter>Source Files\Utils</Filter>
    </ClCompile>
    <ClCompile Include="Src\Utils\Random.cpp">
      <Filter>Source Files\Utils</Filter>
    </ClCompile>
    <ClCompile Include="Src\Maths\Point2D.cpp">
      <Filter>Source Files\Math</Filter>
    </ClCompile>
    <ClCompile Include="Src\Maths\Point3D.cpp">
      <Filter>Source Files\Math</Filter>
    </ClCompile>
    <ClCompile Include="Src\Core\BaseComponents\Node.cpp">
      <Filter>Source Files\Core\BaseComponents</Filter>
    </ClCompile>
    <ClCompile Include="Src\Core\BaseComponents\Component.cpp">
      <Filter>Source Files\Core\BaseComponents</Filter>
    </ClCompile>
    <ClCompile Include="Src\Core\Components\Physics\Rigidbody2D.cpp">
      <Filter>Source Files\Core\Components\Physics</Filter>
    </ClCompile>
    <ClCompile Include="Src\Core\Components\Rendering\SpriteAnimationSI.cpp">
      <Filter>Source Files\Core\Components\Rendering</Filter>
    </ClCompile>
    <ClCompile Include="Src\Core\Components\Rendering\SpriteAnimationSS.cpp">
      <Filter>Source Files\Core\Components\Rendering</Filter>
    </ClCompile>
    <ClCompile Include="Src\Core\Components\Rendering\SpriteRenderer.cpp">
      <Filter>Source Files\Core\Components\Rendering</Filter>
    </ClCompile>
    <ClCompile Include="Src\Core\Components\Transform\Rotate2D.cpp">
      <Filter>Source Files\Core\Components\Transform</Filter>
    </ClCompile>
    <ClCompile Include="Src\Core\Components\Transform\Scale2D.cpp">
      <Filter>Source Files\Core\Components\Transform</Filter>
    </ClCompile>
    <ClCompile Include="Src\Core\Components\Transform\Node3D.cpp">
      <Filter>Source Files\Core\Components\Transform</Filter>
    </ClCompile>
    <ClCompile Include="Src\Core\Components\Transform\Node2D.cpp">
      <Filter>Source Files\Core\Components\Transform</Filter>
    </ClCompile>
    <ClCompile Include="Src\Engine.cpp">
      <Filter>Source Files</Filter>
    </ClCompile>
    <ClCompile Include="Src\Core\Controllers\Rendering\SpriteRenderController.cpp">
      <Filter>Source Files\Core\Controllers\Rendering</Filter>
    </ClCompile>
    <ClCompile Include="Src\Core\Controllers\Physics\WorldPhysicsController.cpp">
      <Filter>Source Files\Core\Controllers\Physics</Filter>
    </ClCompile>
    <ClCompile Include="Src\Containers\Tests\PointerTestMockParentImpl.cpp">
      <Filter>Source Files\Containers\Tests</Filter>
    </ClCompile>
    <ClCompile Include="Src\Containers\Tests\PointerTestMockChildImpl.cpp">
      <Filter>Source Files\Containers\Tests</Filter>
    </ClCompile>
    <ClCompile Include="Src\Utils\Instrumentor.cpp">
      <Filter>Source Files\Utils</Filter>
    </ClCompile>
    <ClCompile Include="Src\Externals\StackTrace\call_stack_gcc.cpp">
      <Filter>Source Files\Externals\StackTrace</Filter>
    </ClCompile>
    <ClCompile Include="Src\Externals\StackTrace\call_stack_msvc.cpp">
      <Filter>Source Files\Externals\StackTrace</Filter>
    </ClCompile>
    <ClCompile Include="Src\Externals\StackTrace\StackWalker.cpp">
      <Filter>Source Files\Externals\StackTrace</Filter>
    </ClCompile>
    <ClCompile Include="Src\Core\Controllers\Rendering\TextureDataCache.cpp">
      <Filter>Source Files\Core\Controllers\Rendering</Filter>
    </ClCompile>
    <ClCompile Include="Src\Utils\Uuid.cpp">
      <Filter>Source Files\Utils</Filter>
    </ClCompile>
    <ClCompile Include="Src\Maths\Point4D.cpp">
      <Filter>Source Files\Math</Filter>
    </ClCompile>
    <ClCompile Include="Src\Maths\Matrix4.cpp">
      <Filter>Source Files\Math</Filter>
    </ClCompile>
    <ClCompile Include="Src\Containers\PointerIncludes.cpp">
      <Filter>Source Files\Containers</Filter>
    </ClCompile>
    <ClCompile Include="Src\Core\Controllers\Physics\WorldCollisionController.cpp">
      <Filter>Source Files\Core\Controllers\Physics</Filter>
    </ClCompile>
    <ClCompile Include="Src\Utils\CollisionUtils.cpp">
      <Filter>Source Files\Utils</Filter>
    </ClCompile>
  </ItemGroup>
</Project>